
Microsoft Visual Studio Solution File, Format Version 12.00
# Visual Studio Version 16
VisualStudioVersion = 16.0.29230.47
MinimumVisualStudioVersion = 10.0.40219.1
Project("{FAE04EC0-301F-11D3-BF4B-00C04F79EFBC}") = "Ejercicio1", "Ejercicio1\Ejercicio1.csproj", "{6F82F92D-7D6E-48E4-A9D9-5F077162DC6D}"
EndProject
Global
	GlobalSection(SolutionConfigurationPlatforms) = preSolution
		Debug|Any CPU = Debug|Any CPU
		Release|Any CPU = Release|Any CPU
	EndGlobalSection
	GlobalSection(ProjectConfigurationPlatforms) = postSolution
		{6F82F92D-7D6E-48E4-A9D9-5F077162DC6D}.Debug|Any CPU.ActiveCfg = Debug|Any CPU
		{6F82F92D-7D6E-48E4-A9D9-5F077162DC6D}.Debug|Any CPU.Build.0 = Debug|Any CPU
		{6F82F92D-7D6E-48E4-A9D9-5F077162DC6D}.Release|Any CPU.ActiveCfg = Release|Any CPU
		{6F82F92D-7D6E-48E4-A9D9-5F077162DC6D}.Release|Any CPU.Build.0 = Release|Any CPU
	EndGlobalSection
	GlobalSection(SolutionProperties) = preSolution
		HideSolutionNode = FALSE
	EndGlobalSection
	GlobalSection(ExtensibilityGlobals) = postSolution
		SolutionGuid = {EC680888-6811-4E9D-BEBD-CF8444CE7677}
	EndGlobalSection
EndGlobal
